
Microsoft Visual Studio Solution File, Format Version 12.00
# Visual Studio 15
VisualStudioVersion = 15.0.28307.572
MinimumVisualStudioVersion = 10.0.40219.1
Project("{FAE04EC0-301F-11D3-BF4B-00C04F79EFBC}") = "LibraryManagement", "LibraryManagement\LibraryManagement.csproj", "{D6A9BFFF-5654-41A2-B368-0E7D0E751275}"
EndProject
Global
	GlobalSection(SolutionConfigurationPlatforms) = preSolution
		Debug|Any CPU = Debug|Any CPU
		Release|Any CPU = Release|Any CPU
	EndGlobalSection
	GlobalSection(ProjectConfigurationPlatforms) = postSolution
		{D6A9BFFF-5654-41A2-B368-0E7D0E751275}.Debug|Any CPU.ActiveCfg = Debug|Any CPU
		{D6A9BFFF-5654-41A2-B368-0E7D0E751275}.Debug|Any CPU.Build.0 = Debug|Any CPU
		{D6A9BFFF-5654-41A2-B368-0E7D0E751275}.Release|Any CPU.ActiveCfg = Release|Any CPU
		{D6A9BFFF-5654-41A2-B368-0E7D0E751275}.Release|Any CPU.Build.0 = Release|Any CPU
	EndGlobalSection
	GlobalSection(SolutionProperties) = preSolution
		HideSolutionNode = FALSE
	EndGlobalSection
	GlobalSection(ExtensibilityGlobals) = postSolution
		SolutionGuid = {C7903183-0A54-48D6-B018-04C1D2F0FA85}
	EndGlobalSection
EndGlobal
